<?xml version="1.0" encoding="utf-8"?>
<Project ToolsVersion="4.0" xmlns="http://schemas.microsoft.com/developer/msbuild/2003">
  <ItemGroup>
    <ClCompile Include="broccoli\log.cpp" />
    <ClCompile Include="test\test.cpp" />
    <ClCompile Include="broccoli\util.cpp" />
  </ItemGroup>
  <ItemGroup>
    <ClInclude Include="broccoli\log.h" />
    <ClInclude Include="broccoli\util.h" />
    <ClInclude Include="broccoli\singleton.h" />
  </ItemGroup>
  <ItemGroup>
    <Filter Include="broccoli">
      <UniqueIdentifier>{9ea542bb-f6a6-4cc5-a645-2b4e570c4b2f}</UniqueIdentifier>
    </Filter>
  </ItemGroup>
</Project>